
Microsoft Visual Studio Solution File, Format Version 12.00
# Visual Studio 15
VisualStudioVersion = 15.0.28307.421
MinimumVisualStudioVersion = 10.0.40219.1
Project("{FAE04EC0-301F-11D3-BF4B-00C04F79EFBC}") = "proyecto2Lenguajes", "proyecto2Lenguajes\proyecto2Lenguajes.csproj", "{B01E510A-F78A-4690-AE99-EF8B335ADE73}"
EndProject
Global
	GlobalSection(SolutionConfigurationPlatforms) = preSolution
		Debug|Any CPU = Debug|Any CPU
		Release|Any CPU = Release|Any CPU
	EndGlobalSection
	GlobalSection(ProjectConfigurationPlatforms) = postSolution
		{B01E510A-F78A-4690-AE99-EF8B335ADE73}.Debug|Any CPU.ActiveCfg = Debug|Any CPU
		{B01E510A-F78A-4690-AE99-EF8B335ADE73}.Debug|Any CPU.Build.0 = Debug|Any CPU
		{B01E510A-F78A-4690-AE99-EF8B335ADE73}.Release|Any CPU.ActiveCfg = Release|Any CPU
		{B01E510A-F78A-4690-AE99-EF8B335ADE73}.Release|Any CPU.Build.0 = Release|Any CPU
	EndGlobalSection
	GlobalSection(SolutionProperties) = preSolution
		HideSolutionNode = FALSE
	EndGlobalSection
	GlobalSection(ExtensibilityGlobals) = postSolution
		SolutionGuid = {6D3906F5-8241-4058-BCAB-9DBF62C16972}
	EndGlobalSection
EndGlobal
